
Microsoft Visual Studio Solution File, Format Version 11.00
# Visual Studio 2010
Project("{CC5FD16D-436D-48AD-A40C-5A424C6E3E79}") = "GeoStore", "GeoStore\GeoStore.ccproj", "{4363315B-AB42-4D62-ACE2-1B7E1CEBCA47}"
EndProject
Project("{FAE04EC0-301F-11D3-BF4B-00C04F79EFBC}") = "GeoStoreServiceWebRole", "GeoStoreServiceWebRole\GeoStoreServiceWebRole.csproj", "{89EFC327-E4D9-4AD0-8B30-8AAFD22EA805}"
EndProject
Project("{FAE04EC0-301F-11D3-BF4B-00C04F79EFBC}") = "GeoStoreClient", "GeoStoreClient\GeoStoreClient.csproj", "{BE6EEDEF-3880-419F-9E9E-8497274CAD35}"
EndProject
Global
	GlobalSection(SolutionConfigurationPlatforms) = preSolution
		Debug|Any CPU = Debug|Any CPU
		Debug|Mixed Platforms = Debug|Mixed Platforms
		Debug|x86 = Debug|x86
		Release|Any CPU = Release|Any CPU
		Release|Mixed Platforms = Release|Mixed Platforms
		Release|x86 = Release|x86
	EndGlobalSection
	GlobalSection(ProjectConfigurationPlatforms) = postSolution
		{4363315B-AB42-4D62-ACE2-1B7E1CEBCA47}.Debug|Any CPU.ActiveCfg = Debug|Any CPU
		{4363315B-AB42-4D62-ACE2-1B7E1CEBCA47}.Debug|Any CPU.Build.0 = Debug|Any CPU
		{4363315B-AB42-4D62-ACE2-1B7E1CEBCA47}.Debug|Mixed Platforms.ActiveCfg = Debug|Any CPU
		{4363315B-AB42-4D62-ACE2-1B7E1CEBCA47}.Debug|Mixed Platforms.Build.0 = Debug|Any CPU
		{4363315B-AB42-4D62-ACE2-1B7E1CEBCA47}.Debug|x86.ActiveCfg = Debug|Any CPU
		{4363315B-AB42-4D62-ACE2-1B7E1CEBCA47}.Release|Any CPU.ActiveCfg = Release|Any CPU
		{4363315B-AB42-4D62-ACE2-1B7E1CEBCA47}.Release|Any CPU.Build.0 = Release|Any CPU
		{4363315B-AB42-4D62-ACE2-1B7E1CEBCA47}.Release|Mixed Platforms.ActiveCfg = Release|Any CPU
		{4363315B-AB42-4D62-ACE2-1B7E1CEBCA47}.Release|Mixed Platforms.Build.0 = Release|Any CPU
		{4363315B-AB42-4D62-ACE2-1B7E1CEBCA47}.Release|x86.ActiveCfg = Release|Any CPU
		{89EFC327-E4D9-4AD0-8B30-8AAFD22EA805}.Debug|Any CPU.ActiveCfg = Debug|Any CPU
		{89EFC327-E4D9-4AD0-8B30-8AAFD22EA805}.Debug|Any CPU.Build.0 = Debug|Any CPU
		{89EFC327-E4D9-4AD0-8B30-8AAFD22EA805}.Debug|Mixed Platforms.ActiveCfg = Debug|Any CPU
		{89EFC327-E4D9-4AD0-8B30-8AAFD22EA805}.Debug|Mixed Platforms.Build.0 = Debug|Any CPU
		{89EFC327-E4D9-4AD0-8B30-8AAFD22EA805}.Debug|x86.ActiveCfg = Debug|Any CPU
		{89EFC327-E4D9-4AD0-8B30-8AAFD22EA805}.Release|Any CPU.ActiveCfg = Release|Any CPU
		{89EFC327-E4D9-4AD0-8B30-8AAFD22EA805}.Release|Any CPU.Build.0 = Release|Any CPU
		{89EFC327-E4D9-4AD0-8B30-8AAFD22EA805}.Release|Mixed Platforms.ActiveCfg = Release|Any CPU
		{89EFC327-E4D9-4AD0-8B30-8AAFD22EA805}.Release|Mixed Platforms.Build.0 = Release|Any CPU
		{89EFC327-E4D9-4AD0-8B30-8AAFD22EA805}.Release|x86.ActiveCfg = Release|Any CPU
		{BE6EEDEF-3880-419F-9E9E-8497274CAD35}.Debug|Any CPU.ActiveCfg = Debug|x86
		{BE6EEDEF-3880-419F-9E9E-8497274CAD35}.Debug|Mixed Platforms.ActiveCfg = Debug|x86
		{BE6EEDEF-3880-419F-9E9E-8497274CAD35}.Debug|Mixed Platforms.Build.0 = Debug|x86
		{BE6EEDEF-3880-419F-9E9E-8497274CAD35}.Debug|x86.ActiveCfg = Debug|x86
		{BE6EEDEF-3880-419F-9E9E-8497274CAD35}.Debug|x86.Build.0 = Debug|x86
		{BE6EEDEF-3880-419F-9E9E-8497274CAD35}.Release|Any CPU.ActiveCfg = Release|x86
		{BE6EEDEF-3880-419F-9E9E-8497274CAD35}.Release|Mixed Platforms.ActiveCfg = Release|x86
		{BE6EEDEF-3880-419F-9E9E-8497274CAD35}.Release|Mixed Platforms.Build.0 = Release|x86
		{BE6EEDEF-3880-419F-9E9E-8497274CAD35}.Release|x86.ActiveCfg = Release|x86
		{BE6EEDEF-3880-419F-9E9E-8497274CAD35}.Release|x86.Build.0 = Release|x86
	EndGlobalSection
	GlobalSection(SolutionProperties) = preSolution
		HideSolutionNode = FALSE
	EndGlobalSection
EndGlobal
